
Microsoft Visual Studio Solution File, Format Version 12.00
# Visual Studio Version 17
VisualStudioVersion = 17.9.34728.123
MinimumVisualStudioVersion = 10.0.40219.1
Project("{FAE04EC0-301F-11D3-BF4B-00C04F79EFBC}") = "LAPAN-POKEMON", "LAPAN-POKEMON\LAPAN-POKEMON.csproj", "{B0263C9E-108F-4F45-A508-C91EE268DFC6}"
EndProject
Global
	GlobalSection(SolutionConfigurationPlatforms) = preSolution
		Debug|Any CPU = Debug|Any CPU
		Release|Any CPU = Release|Any CPU
	EndGlobalSection
	GlobalSection(ProjectConfigurationPlatforms) = postSolution
		{B0263C9E-108F-4F45-A508-C91EE268DFC6}.Debug|Any CPU.ActiveCfg = Debug|Any CPU
		{B0263C9E-108F-4F45-A508-C91EE268DFC6}.Debug|Any CPU.Build.0 = Debug|Any CPU
		{B0263C9E-108F-4F45-A508-C91EE268DFC6}.Release|Any CPU.ActiveCfg = Release|Any CPU
		{B0263C9E-108F-4F45-A508-C91EE268DFC6}.Release|Any CPU.Build.0 = Release|Any CPU
	EndGlobalSection
	GlobalSection(SolutionProperties) = preSolution
		HideSolutionNode = FALSE
	EndGlobalSection
	GlobalSection(ExtensibilityGlobals) = postSolution
		SolutionGuid = {39D5A92D-AAC0-4580-BCC9-D99F2AAF68CB}
	EndGlobalSection
EndGlobal
